
Microsoft Visual Studio Solution File, Format Version 12.00
# Visual Studio Version 17
VisualStudioVersion = 17.4.33122.133
MinimumVisualStudioVersion = 10.0.40219.1
Project("{FAE04EC0-301F-11D3-BF4B-00C04F79EFBC}") = "MultiShop", "MultiShop\MultiShop.csproj", "{66D09901-591D-44F2-AC14-BC0854327F97}"
EndProject
Global
	GlobalSection(SolutionConfigurationPlatforms) = preSolution
		Debug|Any CPU = Debug|Any CPU
		Release|Any CPU = Release|Any CPU
	EndGlobalSection
	GlobalSection(ProjectConfigurationPlatforms) = postSolution
		{66D09901-591D-44F2-AC14-BC0854327F97}.Debug|Any CPU.ActiveCfg = Debug|Any CPU
		{66D09901-591D-44F2-AC14-BC0854327F97}.Debug|Any CPU.Build.0 = Debug|Any CPU
		{66D09901-591D-44F2-AC14-BC0854327F97}.Release|Any CPU.ActiveCfg = Release|Any CPU
		{66D09901-591D-44F2-AC14-BC0854327F97}.Release|Any CPU.Build.0 = Release|Any CPU
	EndGlobalSection
	GlobalSection(SolutionProperties) = preSolution
		HideSolutionNode = FALSE
	EndGlobalSection
	GlobalSection(ExtensibilityGlobals) = postSolution
		SolutionGuid = {F7A6A69F-21CB-44D6-87D2-2C5AE46B48EF}
	EndGlobalSection
EndGlobal
